
Microsoft Visual Studio Solution File, Format Version 12.00
# Visual Studio 15
VisualStudioVersion = 15.0.26730.16
MinimumVisualStudioVersion = 10.0.40219.1
Project("{FAE04EC0-301F-11D3-BF4B-00C04F79EFBC}") = "Stn.Homa.WebApi", "Stn.Homa.WebApi\Stn.Homa.WebApi.csproj", "{5D3267C3-A691-431B-9210-EED73C5E44AD}"
EndProject
Project("{FAE04EC0-301F-11D3-BF4B-00C04F79EFBC}") = "Stn.Homa.Ef", "Stn.Homa.Ef\Stn.Homa.Ef.csproj", "{402CFF28-F9A6-4F68-A681-65864C11EA48}"
EndProject
Global
	GlobalSection(SolutionConfigurationPlatforms) = preSolution
		Debug|Any CPU = Debug|Any CPU
		Release|Any CPU = Release|Any CPU
	EndGlobalSection
	GlobalSection(ProjectConfigurationPlatforms) = postSolution
		{5D3267C3-A691-431B-9210-EED73C5E44AD}.Debug|Any CPU.ActiveCfg = Debug|Any CPU
		{5D3267C3-A691-431B-9210-EED73C5E44AD}.Debug|Any CPU.Build.0 = Debug|Any CPU
		{5D3267C3-A691-431B-9210-EED73C5E44AD}.Release|Any CPU.ActiveCfg = Release|Any CPU
		{5D3267C3-A691-431B-9210-EED73C5E44AD}.Release|Any CPU.Build.0 = Release|Any CPU
		{402CFF28-F9A6-4F68-A681-65864C11EA48}.Debug|Any CPU.ActiveCfg = Debug|Any CPU
		{402CFF28-F9A6-4F68-A681-65864C11EA48}.Debug|Any CPU.Build.0 = Debug|Any CPU
		{402CFF28-F9A6-4F68-A681-65864C11EA48}.Release|Any CPU.ActiveCfg = Release|Any CPU
		{402CFF28-F9A6-4F68-A681-65864C11EA48}.Release|Any CPU.Build.0 = Release|Any CPU
	EndGlobalSection
	GlobalSection(SolutionProperties) = preSolution
		HideSolutionNode = FALSE
	EndGlobalSection
	GlobalSection(ExtensibilityGlobals) = postSolution
		SolutionGuid = {526E4C9C-F07F-4939-9750-353ED4A6329A}
	EndGlobalSection
EndGlobal
